// !$*UTF8*$!
{
	archiveVersion = 1;
	classes = {
	};
	objectVersion = 46;
	objects = {

/* Begin PBXBuildFile section */
		3FE81E401D1B737600F09693 /* main.m in Sources */ = {isa = PBXBuildFile; fileRef = 3FE81E3F1D1B737600F09693 /* main.m */; };
		3FE81E431D1B737600F09693 /* AppDelegate.m in Sources */ = {isa = PBXBuildFile; fileRef = 3FE81E421D1B737600F09693 /* AppDelegate.m */; };
		3FE81E461D1B737600F09693 /* ViewController.m in Sources */ = {isa = PBXBuildFile; fileRef = 3FE81E451D1B737600F09693 /* ViewController.m */; };
		3FE81E491D1B737600F09693 /* Main.storyboard in Resources */ = {isa = PBXBuildFile; fileRef = 3FE81E471D1B737600F09693 /* Main.storyboard */; };
		3FE81E4C1D1B737600F09693 /* _56464684645.xcdatamodeld in Sources */ = {isa = PBXBuildFile; fileRef = 3FE81E4A1D1B737600F09693 /* _56464684645.xcdatamodeld */; };
		3FE81E4E1D1B737600F09693 /* Assets.xcassets in Resources */ = {isa = PBXBuildFile; fileRef = 3FE81E4D1D1B737600F09693 /* Assets.xcassets */; };
		3FE81E511D1B737600F09693 /* LaunchScreen.storyboard in Resources */ = {isa = PBXBuildFile; fileRef = 3FE81E4F1D1B737600F09693 /* LaunchScreen.storyboard */; };
/* End PBXBuildFile section */

/* Begin PBXFileReference section */
		3FE81E3B1D1B737600F09693 /* 456464684645.app */ = {isa = PBXFileReference; explicitFileType = wrapper.application; includeInIndex = 0; path = 456464684645.app; sourceTree = BUILT_PRODUCTS_DIR; };
		3FE81E3F1D1B737600F09693 /* main.m */ = {isa = PBXFileReference; lastKnownFileType = sourcecode.c.objc; path = main.m; sourceTree = "<group>"; };
		3FE81E411D1B737600F09693 /* AppDelegate.h */ = {isa = PBXFileReference; lastKnownFileType = sourcecode.c.h; path = AppDelegate.h; sourceTree = "<group>"; };
		3FE81E421D1B737600F09693 /* AppDelegate.m */ = {isa = PBXFileReference; lastKnownFileType = sourcecode.c.objc; path = AppDelegate.m; sourceTree = "<group>"; };
		3FE81E441D1B737600F09693 /* ViewController.h */ = {isa = PBXFileReference; lastKnownFileType = sourcecode.c.h; path = ViewController.h; sourceTree = "<group>"; };
		3FE81E451D1B737600F09693 /* ViewController.m */ = {isa = PBXFileReference; lastKnownFileType = sourcecode.c.objc; path = ViewController.m; sourceTree = "<group>"; };
		3FE81E481D1B737600F09693 /* Base */ = {isa = PBXFileReference; lastKnownFileType = file.storyboard; name = Base; path = Base.lproj/Main.storyboard; sourceTree = "<group>"; };
		3FE81E4B1D1B737600F09693 /* _56464684645.xcdatamodel */ = {isa = PBXFileReference; lastKnownFileType = wrapper.xcdatamodel; path = _56464684645.xcdatamodel; sourceTree = "<group>"; };
		3FE81E4D1D1B737600F09693 /* Assets.xcassets */ = {isa = PBXFileReference; lastKnownFileType = folder.assetcatalog; path = Assets.xcassets; sourceTree = "<group>"; };
		3FE81E501D1B737600F09693 /* Base */ = {isa = PBXFileReference; lastKnownFileType = file.storyboard; name = Base; path = Base.lproj/LaunchScreen.storyboard; sourceTree = "<group>"; };
		3FE81E521D1B737600F09693 /* Info.plist */ = {isa = PBXFileReference; lastKnownFileType = text.plist.xml; path = Info.plist; sourceTree = "<group>"; };
/* End PBXFileReference section */

/* Begin PBXFrameworksBuildPhase section */
		3FE81E381D1B737600F09693 /* Frameworks */ = {
			isa = PBXFrameworksBuildPhase;
			buildActionMask = 2147483647;
			files = (
			);
			runOnlyForDeploymentPostprocessing = 0;
		};
/* End PBXFrameworksBuildPhase section */

/* Begin PBXGroup section */
		3FE81E321D1B737600F09693 = {
			isa = PBXGroup;
			children = (
				3FE81E3D1D1B737600F09693 /* 456464684645 */,
				3FE81E3C1D1B737600F09693 /* Products */,
			);
			sourceTree = "<group>";
		};
		3FE81E3C1D1B737600F09693 /* Products */ = {
			isa = PBXGroup;
			children = (
				3FE81E3B1D1B737600F09693 /* 456464684645.app */,
			);
			name = Products;
			sourceTree = "<group>";
		};
		3FE81E3D1D1B737600F09693 /* 456464684645 */ = {
			isa = PBXGroup;
			children = (
				3FE81E411D1B737600F09693 /* AppDelegate.h */,
				3FE81E421D1B737600F09693 /* AppDelegate.m */,
				3FE81E441D1B737600F09693 /* ViewController.h */,
				3FE81E451D1B737600F09693 /* ViewController.m */,
				3FE81E471D1B737600F09693 /* Main.storyboard */,
				3FE81E4D1D1B737600F09693 /* Assets.xcassets */,
				3FE81E4F1D1B737600F09693 /* LaunchScreen.storyboard */,
				3FE81E521D1B737600F09693 /* Info.plist */,
				3FE81E4A1D1B737600F09693 /* _56464684645.xcdatamodeld */,
				3FE81E3E1D1B737600F09693 /* Supporting Files */,
			);
			path = 456464684645;
			sourceTree = "<group>";
		};
		3FE81E3E1D1B737600F09693 /* Supporting Files */ = {
			isa = PBXGroup;
			children = (
				3FE81E3F1D1B737600F09693 /* main.m */,
			);
			name = "Supporting Files";
			sourceTree = "<group>";
		};
/* End PBXGroup section */

/* Begin PBXNativeTarget section */
		3FE81E3A1D1B737600F09693 /* 456464684645 */ = {
			isa = PBXNativeTarget;
			buildConfigurationList = 3FE81E551D1B737600F09693 /* Build configuration list for PBXNativeTarget "456464684645" */;
			buildPhases = (
				3FE81E371D1B737600F09693 /* Sources */,
				3FE81E381D1B737600F09693 /* Frameworks */,
				3FE81E391D1B737600F09693 /* Resources */,
			);
			buildRules = (
			);
			dependencies = (
			);
			name = 456464684645;
			productName = 456464684645;
			productReference = 3FE81E3B1D1B737600F09693 /* 456464684645.app */;
			productType = "com.apple.product-type.application";
		};
/* End PBXNativeTarget section */

/* Begin PBXProject section */
		3FE81E331D1B737600F09693 /* Project object */ = {
			isa = PBXProject;
			attributes = {
				LastUpgradeCheck = 0720;
				ORGANIZATIONNAME = ZhangJie;
				TargetAttributes = {
					3FE81E3A1D1B737600F09693 = {
						CreatedOnToolsVersion = 7.2;
						DevelopmentTeam = 45U4AF3NG6;
					};
				};
			};
			buildConfigurationList = 3FE81E361D1B737600F09693 /* Build configuration list for PBXProject "456464684645" */;
			compatibilityVersion = "Xcode 3.2";
			developmentRegion = English;
			hasScannedForEncodings = 0;
			knownRegions = (
				en,
				Base,
			);
			mainGroup = 3FE81E321D1B737600F09693;
			productRefGroup = 3FE81E3C1D1B737600F09693 /* Products */;
			projectDirPath = "";
			projectRoot = "";
			targets = (
				3FE81E3A1D1B737600F09693 /* 456464684645 */,
			);
		};
/* End PBXProject section */

/* Begin PBXResourcesBuildPhase section */
		3FE81E391D1B737600F09693 /* Resources */ = {
			isa = PBXResourcesBuildPhase;
			buildActionMask = 2147483647;
			files = (
				3FE81E511D1B737600F09693 /* LaunchScreen.storyboard in Resources */,
				3FE81E4E1D1B737600F09693 /* Assets.xcassets in Resources */,
				3FE81E491D1B737600F09693 /* Main.storyboard in Resources */,
			);
			runOnlyForDeploymentPostprocessing = 0;
		};
/* End PBXResourcesBuildPhase section */

/* Begin PBXSourcesBuildPhase section */
		3FE81E371D1B737600F09693 /* Sources */ = {
			isa = PBXSourcesBuildPhase;
			buildActionMask = 2147483647;
			files = (
				3FE81E461D1B737600F09693 /* ViewController.m in Sources */,
				3FE81E431D1B737600F09693 /* AppDelegate.m in Sources */,
				3FE81E4C1D1B737600F09693 /* _56464684645.xcdatamodeld in Sources */,
				3FE81E401D1B737600F09693 /* main.m in Sources */,
			);
			runOnlyForDeploymentPostprocessing = 0;
		};
/* End PBXSourcesBuildPhase section */

/* Begin PBXVariantGroup section */
		3FE81E471D1B737600F09693 /* Main.storyboard */ = {
			isa = PBXVariantGroup;
			children = (
				3FE81E481D1B737600F09693 /* Base */,
			);
			name = Main.storyboard;
			sourceTree = "<group>";
		};
		3FE81E4F1D1B737600F09693 /* LaunchScreen.storyboard */ = {
			isa = PBXVariantGroup;
			children = (
				3FE81E501D1B737600F09693 /* Base */,
			);
			name = LaunchScreen.storyboard;
			sourceTree = "<group>";
		};
/* End PBXVariantGroup section */

/* Begin XCBuildConfiguration section */
		3FE81E531D1B737600F09693 /* Debug */ = {
			isa = XCBuildConfiguration;
			buildSettings = {
				ALWAYS_SEARCH_USER_PATHS = NO;
				CLANG_CXX_LANGUAGE_STANDARD = "gnu++0x";
				CLANG_CXX_LIBRARY = "libc++";
				CLANG_ENABLE_MODULES = YES;
				CLANG_ENABLE_OBJC_ARC = YES;
				CLANG_WARN_BOOL_CONVERSION = YES;
				CLANG_WARN_CONSTANT_CONVERSION = YES;
				CLANG_WARN_DIRECT_OBJC_ISA_USAGE = YES_ERROR;
				CLANG_WARN_EMPTY_BODY = YES;
				CLANG_WARN_ENUM_CONVERSION = YES;
				CLANG_WARN_INT_CONVERSION = YES;
				CLANG_WARN_OBJC_ROOT_CLASS = YES_ERROR;
				CLANG_WARN_UNREACHABLE_CODE = YES;
				CLANG_WARN__DUPLICATE_METHOD_MATCH = YES;
				"CODE_SIGN_IDENTITY[sdk=iphoneos*]" = "iPhone Developer";
				COPY_PHASE_STRIP = NO;
				DEBUG_INFORMATION_FORMAT = dwarf;
				ENABLE_STRICT_OBJC_MSGSEND = YES;
				ENABLE_TESTABILITY = YES;
				GCC_C_LANGUAGE_STANDARD = gnu99;
				GCC_DYNAMIC_NO_PIC = NO;
				GCC_NO_COMMON_BLOCKS = YES;
				GCC_OPTIMIZATION_LEVEL = 0;
				GCC_PREPROCESSOR_DEFINITIONS = (
					"DEBUG=1",
					"$(inherited)",
				);
				GCC_WARN_64_TO_32_BIT_CONVERSION = YES;
				GCC_WARN_ABOUT_RETURN_TYPE = YES_ERROR;
				GCC_WARN_UNDECLARED_SELECTOR = YES;
				GCC_WARN_UNINITIALIZED_AUTOS = YES_AGGRESSIVE;
				GCC_WARN_UNUSED_FUNCTION = YES;
				GCC_WARN_UNUSED_VARIABLE = YES;
				IPHONEOS_DEPLOYMENT_TARGET = 9.2;
				MTL_ENABLE_DEBUG_INFO = YES;
				ONLY_ACTIVE_ARCH = YES;
				SDKROOT = iphoneos;
			};
			name = Debug;
		};
		3FE81E541D1B737600F09693 /* Release */ = {
			isa = XCBuildConfiguration;
			buildSettings = {
				ALWAYS_SEARCH_USER_PATHS = NO;
				CLANG_CXX_LANGUAGE_STANDARD = "gnu++0x";
				CLANG_CXX_LIBRARY = "libc++";
				CLANG_ENABLE_MODULES = YES;
				CLANG_ENABLE_OBJC_ARC = YES;
				CLANG_WARN_BOOL_CONVERSION = YES;
				CLANG_WARN_CONSTANT_CONVERSION = YES;
				CLANG_WARN_DIRECT_OBJC_ISA_USAGE = YES_ERROR;
				CLANG_WARN_EMPTY_BODY = YES;
				CLANG_WARN_ENUM_CONVERSION = YES;
				CLANG_WARN_INT_CONVERSION = YES;
				CLANG_WARN_OBJC_ROOT_CLASS = YES_ERROR;
				CLANG_WARN_UNREACHABLE_CODE = YES;
				CLANG_WARN__DUPLICATE_METHOD_MATCH = YES;
				"CODE_SIGN_IDENTITY[sdk=iphoneos*]" = "iPhone Developer";
				COPY_PHASE_STRIP = NO;
				DEBUG_INFORMATION_FORMAT = "dwarf-with-dsym";
				ENABLE_NS_ASSERTIONS = NO;
				ENABLE_STRICT_OBJC_MSGSEND = YES;
				GCC_C_LANGUAGE_STANDARD = gnu99;
				GCC_NO_COMMON_BLOCKS = YES;
				GCC_WARN_64_TO_32_BIT_CONVERSION = YES;
				GCC_WARN_ABOUT_RETURN_TYPE = YES_ERROR;
				GCC_WARN_UNDECLARED_SELECTOR = YES;
				GCC_WARN_UNINITIALIZED_AUTOS = YES_AGGRESSIVE;
				GCC_WARN_UNUSED_FUNCTION = YES;
				GCC_WARN_UNUSED_VARIABLE = YES;
				IPHONEOS_DEPLOYMENT_TARGET = 9.2;
				MTL_ENABLE_DEBUG_INFO = NO;
				SDKROOT = iphoneos;
				VALIDATE_PRODUCT = YES;
			};
			name = Release;
		};
		3FE81E561D1B737600F09693 /* Debug */ = {
			isa = XCBuildConfiguration;
			buildSettings = {
				ASSETCATALOG_COMPILER_APPICON_NAME = AppIcon;
				INFOPLIST_FILE = 456464684645/Info.plist;
				LD_RUNPATH_SEARCH_PATHS = "$(inherited) @executable_path/Frameworks";
				PRODUCT_BUNDLE_IDENTIFIER = "China.-56464684645";
				PRODUCT_NAME = "$(TARGET_NAME)";
			};
			name = Debug;
		};
		3FE81E571D1B737600F09693 /* Release */ = {
			isa = XCBuildConfiguration;
			buildSettings = {
				ASSETCATALOG_COMPILER_APPICON_NAME = AppIcon;
				INFOPLIST_FILE = 456464684645/Info.plist;
				LD_RUNPATH_SEARCH_PATHS = "$(inherited) @executable_path/Frameworks";
				PRODUCT_BUNDLE_IDENTIFIER = "China.-56464684645";
				PRODUCT_NAME = "$(TARGET_NAME)";
			};
			name = Release;
		};
/* End XCBuildConfiguration section */

/* Begin XCConfigurationList section */
		3FE81E361D1B737600F09693 /* Build configuration list for PBXProject "456464684645" */ = {
			isa = XCConfigurationList;
			buildConfigurations = (
				3FE81E531D1B737600F09693 /* Debug */,
				3FE81E541D1B737600F09693 /* Release */,
			);
			defaultConfigurationIsVisible = 0;
			defaultConfigurationName = Release;
		};
		3FE81E551D1B737600F09693 /* Build configuration list for PBXNativeTarget "456464684645" */ = {
			isa = XCConfigurationList;
			buildConfigurations = (
				3FE81E561D1B737600F09693 /* Debug */,
				3FE81E571D1B737600F09693 /* Release */,
			);
			defaultConfigurationIsVisible = 0;
		};
/* End XCConfigurationList section */

/* Begin XCVersionGroup section */
		3FE81E4A1D1B737600F09693 /* _56464684645.xcdatamodeld */ = {
			isa = XCVersionGroup;
			children = (
				3FE81E4B1D1B737600F09693 /* _56464684645.xcdatamodel */,
			);
			currentVersion = 3FE81E4B1D1B737600F09693 /* _56464684645.xcdatamodel */;
			path = _56464684645.xcdatamodeld;
			sourceTree = "<group>";
			versionGroupType = wrapper.xcdatamodel;
		};
/* End XCVersionGroup section */
	};
	rootObject = 3FE81E331D1B737600F09693 /* Project object */;
}
